
Microsoft Visual Studio Solution File, Format Version 12.00
Project("{FAE04EC0-301F-11D3-BF4B-00C04F79EFBC}") = "HouseBroker.API", "HouseBroker.API\HouseBroker.API.csproj", "{7C923102-8856-4650-8779-16E013C08A1F}"
EndProject
Project("{2150E333-8FDC-42A3-9474-1A3956D46DE8}") = "Solution Items", "Solution Items", "{FBB5A32C-F7D8-49F6-82C2-14F85048FF67}"
	ProjectSection(SolutionItems) = preProject
		compose.yaml = compose.yaml
	EndProjectSection
EndProject
Project("{FAE04EC0-301F-11D3-BF4B-00C04F79EFBC}") = "HouseBroker.Domain", "HouseBroker.Domain\HouseBroker.Domain.csproj", "{F7E465E3-D3A9-4FCB-9A2F-22D1E8CEA669}"
EndProject
Project("{FAE04EC0-301F-11D3-BF4B-00C04F79EFBC}") = "HouseBroker.Application", "HouseBroker.Application\HouseBroker.Application.csproj", "{92B3BD5E-5940-4520-B5C4-60794F31B7FD}"
EndProject
Project("{FAE04EC0-301F-11D3-BF4B-00C04F79EFBC}") = "HouseBroker.Infrastructure", "HouseBroker.Infrastructure\HouseBroker.Infrastructure.csproj", "{F0583B34-B9E3-4D95-8A84-7C44AC172BDE}"
EndProject
Project("{FAE04EC0-301F-11D3-BF4B-00C04F79EFBC}") = "HouseBroker.Test", "HouseBroker.Test\HouseBroker.Test.csproj", "{C1F03DC3-C30B-45D6-907E-169478DA6526}"
EndProject
Global
	GlobalSection(SolutionConfigurationPlatforms) = preSolution
		Debug|Any CPU = Debug|Any CPU
		Release|Any CPU = Release|Any CPU
	EndGlobalSection
	GlobalSection(ProjectConfigurationPlatforms) = postSolution
		{7C923102-8856-4650-8779-16E013C08A1F}.Debug|Any CPU.ActiveCfg = Debug|Any CPU
		{7C923102-8856-4650-8779-16E013C08A1F}.Debug|Any CPU.Build.0 = Debug|Any CPU
		{7C923102-8856-4650-8779-16E013C08A1F}.Release|Any CPU.ActiveCfg = Release|Any CPU
		{7C923102-8856-4650-8779-16E013C08A1F}.Release|Any CPU.Build.0 = Release|Any CPU
		{F7E465E3-D3A9-4FCB-9A2F-22D1E8CEA669}.Debug|Any CPU.ActiveCfg = Debug|Any CPU
		{F7E465E3-D3A9-4FCB-9A2F-22D1E8CEA669}.Debug|Any CPU.Build.0 = Debug|Any CPU
		{F7E465E3-D3A9-4FCB-9A2F-22D1E8CEA669}.Release|Any CPU.ActiveCfg = Release|Any CPU
		{F7E465E3-D3A9-4FCB-9A2F-22D1E8CEA669}.Release|Any CPU.Build.0 = Release|Any CPU
		{92B3BD5E-5940-4520-B5C4-60794F31B7FD}.Debug|Any CPU.ActiveCfg = Debug|Any CPU
		{92B3BD5E-5940-4520-B5C4-60794F31B7FD}.Debug|Any CPU.Build.0 = Debug|Any CPU
		{92B3BD5E-5940-4520-B5C4-60794F31B7FD}.Release|Any CPU.ActiveCfg = Release|Any CPU
		{92B3BD5E-5940-4520-B5C4-60794F31B7FD}.Release|Any CPU.Build.0 = Release|Any CPU
		{F0583B34-B9E3-4D95-8A84-7C44AC172BDE}.Debug|Any CPU.ActiveCfg = Debug|Any CPU
		{F0583B34-B9E3-4D95-8A84-7C44AC172BDE}.Debug|Any CPU.Build.0 = Debug|Any CPU
		{F0583B34-B9E3-4D95-8A84-7C44AC172BDE}.Release|Any CPU.ActiveCfg = Release|Any CPU
		{F0583B34-B9E3-4D95-8A84-7C44AC172BDE}.Release|Any CPU.Build.0 = Release|Any CPU
		{C1F03DC3-C30B-45D6-907E-169478DA6526}.Debug|Any CPU.ActiveCfg = Debug|Any CPU
		{C1F03DC3-C30B-45D6-907E-169478DA6526}.Debug|Any CPU.Build.0 = Debug|Any CPU
		{C1F03DC3-C30B-45D6-907E-169478DA6526}.Release|Any CPU.ActiveCfg = Release|Any CPU
		{C1F03DC3-C30B-45D6-907E-169478DA6526}.Release|Any CPU.Build.0 = Release|Any CPU
	EndGlobalSection
EndGlobal
